{
  "name": "directus-extensions",
  "lockfileVersion": 3,
  "requires": true,
  "packages": {
    "": {
      "name": "directus-extensions",
      "dependencies": {
        "directus-extension-sync": "^3.0.2"
      }
    },
    "node_modules/directus-extension-sync": {
      "version": "3.0.5",
      "resolved": "https://registry.npmjs.org/directus-extension-sync/-/directus-extension-sync-3.0.5.tgz",
      "integrity": "sha512-56QXPBykJM/nO4IXts9I1eOc54jujqHi5AUpDcurlo6GUicaLwOu+3l5b6RhQSH/Ti2yUayP3rawKuGzza8hdA==",
      "license": "GPL-3.0"
    }
  }
}
